
Microsoft Visual Studio Solution File, Format Version 12.00
# Visual Studio Version 17
VisualStudioVersion = 17.13.35931.197
MinimumVisualStudioVersion = 10.0.40219.1
Project("{FAE04EC0-301F-11D3-BF4B-00C04F79EFBC}") = "MultiTenancyExample", "MultiTenancyExample\MultiTenancyExample.csproj", "{D89A6346-1291-4297-9BB2-B653FD36B537}"
EndProject
Global
	GlobalSection(SolutionConfigurationPlatforms) = preSolution
		Debug|Any CPU = Debug|Any CPU
		Release|Any CPU = Release|Any CPU
	EndGlobalSection
	GlobalSection(ProjectConfigurationPlatforms) = postSolution
		{D89A6346-1291-4297-9BB2-B653FD36B537}.Debug|Any CPU.ActiveCfg = Debug|Any CPU
		{D89A6346-1291-4297-9BB2-B653FD36B537}.Debug|Any CPU.Build.0 = Debug|Any CPU
		{D89A6346-1291-4297-9BB2-B653FD36B537}.Release|Any CPU.ActiveCfg = Release|Any CPU
		{D89A6346-1291-4297-9BB2-B653FD36B537}.Release|Any CPU.Build.0 = Release|Any CPU
	EndGlobalSection
	GlobalSection(SolutionProperties) = preSolution
		HideSolutionNode = FALSE
	EndGlobalSection
	GlobalSection(ExtensibilityGlobals) = postSolution
		SolutionGuid = {DF75CDEE-B4A1-49BF-A229-343666D94908}
	EndGlobalSection
EndGlobal
